
Microsoft Visual Studio Solution File, Format Version 12.00
# Visual Studio 15
VisualStudioVersion = 15.0.28307.329
MinimumVisualStudioVersion = 10.0.40219.1
Project("{FAE04EC0-301F-11D3-BF4B-00C04F79EFBC}") = "Sudoku_Multiplayer", "Sudoku_Multiplayer\Sudoku_Multiplayer.csproj", "{0D24DDC9-2D5A-4F80-8AC5-A371789D376E}"
EndProject
Global
	GlobalSection(SolutionConfigurationPlatforms) = preSolution
		Debug|Any CPU = Debug|Any CPU
		Release|Any CPU = Release|Any CPU
	EndGlobalSection
	GlobalSection(ProjectConfigurationPlatforms) = postSolution
		{0D24DDC9-2D5A-4F80-8AC5-A371789D376E}.Debug|Any CPU.ActiveCfg = Debug|Any CPU
		{0D24DDC9-2D5A-4F80-8AC5-A371789D376E}.Debug|Any CPU.Build.0 = Debug|Any CPU
		{0D24DDC9-2D5A-4F80-8AC5-A371789D376E}.Release|Any CPU.ActiveCfg = Release|Any CPU
		{0D24DDC9-2D5A-4F80-8AC5-A371789D376E}.Release|Any CPU.Build.0 = Release|Any CPU
	EndGlobalSection
	GlobalSection(SolutionProperties) = preSolution
		HideSolutionNode = FALSE
	EndGlobalSection
	GlobalSection(ExtensibilityGlobals) = postSolution
		SolutionGuid = {57DD5ED5-AE8F-4AC4-8847-A92F3F6A7179}
	EndGlobalSection
EndGlobal
